// !$*UTF8*$!
{
	archiveVersion = 1;
	classes = {
	};
	objectVersion = 55;
	objects = {

/* Begin PBXBuildFile section */
		8D0DF314281B4E1A00156597 /* UIViewControllerExtensions.swift in Sources */ = {isa = PBXBuildFile; fileRef = 8D0DF313281B4E1A00156597 /* UIViewControllerExtensions.swift */; };
		8D0E5D65283D884600B320E1 /* PopularMovies.json in Resources */ = {isa = PBXBuildFile; fileRef = 8D0E5D64283D884600B320E1 /* PopularMovies.json */; };
		8D0E5D6C283D88E000B320E1 /* MockMoviesRepositoryInput.swift in Sources */ = {isa = PBXBuildFile; fileRef = 8D0E5D6B283D88E000B320E1 /* MockMoviesRepositoryInput.swift */; };
		8D0E5D6E283D890B00B320E1 /* MockMoviesRepositoryOutput.swift in Sources */ = {isa = PBXBuildFile; fileRef = 8D0E5D6D283D890B00B320E1 /* MockMoviesRepositoryOutput.swift */; };
		8D0E5D70283D892800B320E1 /* MockPopularMoviesService.swift in Sources */ = {isa = PBXBuildFile; fileRef = 8D0E5D6F283D892800B320E1 /* MockPopularMoviesService.swift */; };
		8D0E5D73283D8A9E00B320E1 /* MockBaseService.swift in Sources */ = {isa = PBXBuildFile; fileRef = 8D0E5D72283D8A9E00B320E1 /* MockBaseService.swift */; };
		8D0E5D75283D905300B320E1 /* MoviesRepositoryTest.swift in Sources */ = {isa = PBXBuildFile; fileRef = 8D0E5D74283D905300B320E1 /* MoviesRepositoryTest.swift */; };
		8D240231283859D1006CA21B /* DetailMovieView.swift in Sources */ = {isa = PBXBuildFile; fileRef = 8D240230283859D1006CA21B /* DetailMovieView.swift */; };
		8D24023328385AFF006CA21B /* DetailImageViewCell.swift in Sources */ = {isa = PBXBuildFile; fileRef = 8D24023228385AFF006CA21B /* DetailImageViewCell.swift */; };
		8D24023628385B21006CA21B /* DetailInfoViewCell.swift in Sources */ = {isa = PBXBuildFile; fileRef = 8D24023528385B21006CA21B /* DetailInfoViewCell.swift */; };
		8D30FF732846E80400FD0D12 /* MockGetMoviesInteractorInput.swift in Sources */ = {isa = PBXBuildFile; fileRef = 8D30FF722846E80400FD0D12 /* MockGetMoviesInteractorInput.swift */; };
		8D30FF762846E82300FD0D12 /* MockGetMoviesInteractorOutput.swift in Sources */ = {isa = PBXBuildFile; fileRef = 8D30FF752846E82300FD0D12 /* MockGetMoviesInteractorOutput.swift */; };
		8D30FF782846EE0400FD0D12 /* GetMoviesInteractorTest.swift in Sources */ = {isa = PBXBuildFile; fileRef = 8D30FF772846EE0400FD0D12 /* GetMoviesInteractorTest.swift */; };
		8D594FAB281CB36000B9E2D9 /* DetailMovieService.swift in Sources */ = {isa = PBXBuildFile; fileRef = 8D594FAA281CB36000B9E2D9 /* DetailMovieService.swift */; };
		8D594FAD281CB36E00B9E2D9 /* DetailMovieProtocols.swift in Sources */ = {isa = PBXBuildFile; fileRef = 8D594FAC281CB36E00B9E2D9 /* DetailMovieProtocols.swift */; };
		8D594FAF281CB38900B9E2D9 /* DetailMovieRepository.swift in Sources */ = {isa = PBXBuildFile; fileRef = 8D594FAE281CB38900B9E2D9 /* DetailMovieRepository.swift */; };
		8D594FB1281CB39500B9E2D9 /* DetailMovieRepositoryProtocols.swift in Sources */ = {isa = PBXBuildFile; fileRef = 8D594FB0281CB39500B9E2D9 /* DetailMovieRepositoryProtocols.swift */; };
		8D594FB3281CB3BB00B9E2D9 /* DetailMovieInteractor.swift in Sources */ = {isa = PBXBuildFile; fileRef = 8D594FB2281CB3BB00B9E2D9 /* DetailMovieInteractor.swift */; };
		8D594FB5281CB3C700B9E2D9 /* AnyDetailMovieInteractorProtocols.swift in Sources */ = {isa = PBXBuildFile; fileRef = 8D594FB4281CB3C700B9E2D9 /* AnyDetailMovieInteractorProtocols.swift */; };
		8D594FB7281CB3EE00B9E2D9 /* DetailMoviePresenter.swift in Sources */ = {isa = PBXBuildFile; fileRef = 8D594FB6281CB3EE00B9E2D9 /* DetailMoviePresenter.swift */; };
		8D594FB9281CB42600B9E2D9 /* DetailMoviePresenterProtocols.swift in Sources */ = {isa = PBXBuildFile; fileRef = 8D594FB8281CB42600B9E2D9 /* DetailMoviePresenterProtocols.swift */; };
		8D594FBB281CB44A00B9E2D9 /* DetailMovieRouter.swift in Sources */ = {isa = PBXBuildFile; fileRef = 8D594FBA281CB44A00B9E2D9 /* DetailMovieRouter.swift */; };
		8D594FBD281CB45600B9E2D9 /* AnyDetailMovieRouterProtocol.swift in Sources */ = {isa = PBXBuildFile; fileRef = 8D594FBC281CB45600B9E2D9 /* AnyDetailMovieRouterProtocol.swift */; };
		8D594FBF281CB4D300B9E2D9 /* DetailMovieViewController.swift in Sources */ = {isa = PBXBuildFile; fileRef = 8D594FBE281CB4D300B9E2D9 /* DetailMovieViewController.swift */; };
		8D594FC1281CB4F700B9E2D9 /* AnyDetailMovieViewProtocols.swift in Sources */ = {isa = PBXBuildFile; fileRef = 8D594FC0281CB4F700B9E2D9 /* AnyDetailMovieViewProtocols.swift */; };
		8D594FC3281CB5EA00B9E2D9 /* DetailMovie.swift in Sources */ = {isa = PBXBuildFile; fileRef = 8D594FC2281CB5EA00B9E2D9 /* DetailMovie.swift */; };
		8D7990242799F58500CE1725 /* PopularMoviesService.swift in Sources */ = {isa = PBXBuildFile; fileRef = 8D7990232799F58500CE1725 /* PopularMoviesService.swift */; };
		8D7990262799F59800CE1725 /* PopularMoviesServiceProtocol.swift in Sources */ = {isa = PBXBuildFile; fileRef = 8D7990252799F59800CE1725 /* PopularMoviesServiceProtocol.swift */; };
		8D915E162797379A003EB945 /* AppDelegate.swift in Sources */ = {isa = PBXBuildFile; fileRef = 8D915E152797379A003EB945 /* AppDelegate.swift */; };
		8D915E182797379A003EB945 /* SceneDelegate.swift in Sources */ = {isa = PBXBuildFile; fileRef = 8D915E172797379A003EB945 /* SceneDelegate.swift */; };
		8D915E1A2797379A003EB945 /* ViewController.swift in Sources */ = {isa = PBXBuildFile; fileRef = 8D915E192797379A003EB945 /* ViewController.swift */; };
		8D915E1D2797379A003EB945 /* Main.storyboard in Resources */ = {isa = PBXBuildFile; fileRef = 8D915E1B2797379A003EB945 /* Main.storyboard */; };
		8D915E202797379A003EB945 /* MovieApp.xcdatamodeld in Sources */ = {isa = PBXBuildFile; fileRef = 8D915E1E2797379A003EB945 /* MovieApp.xcdatamodeld */; };
		8D915E222797379E003EB945 /* Assets.xcassets in Resources */ = {isa = PBXBuildFile; fileRef = 8D915E212797379E003EB945 /* Assets.xcassets */; };
		8D915E252797379E003EB945 /* LaunchScreen.storyboard in Resources */ = {isa = PBXBuildFile; fileRef = 8D915E232797379E003EB945 /* LaunchScreen.storyboard */; };
		8D915E2F27973A5F003EB945 /* Path.swift in Sources */ = {isa = PBXBuildFile; fileRef = 8D915E2E27973A5F003EB945 /* Path.swift */; };
		8D915E3127973B80003EB945 /* CustomError.swift in Sources */ = {isa = PBXBuildFile; fileRef = 8D915E3027973B80003EB945 /* CustomError.swift */; };
		8D915E3327973CA6003EB945 /* HTTPMethod.swift in Sources */ = {isa = PBXBuildFile; fileRef = 8D915E3227973CA6003EB945 /* HTTPMethod.swift */; };
		8D915E3627973D45003EB945 /* BaseService.swift in Sources */ = {isa = PBXBuildFile; fileRef = 8D915E3527973D45003EB945 /* BaseService.swift */; };
		8D915E3B27974157003EB945 /* FileManagerExtension.swift in Sources */ = {isa = PBXBuildFile; fileRef = 8D915E3A27974157003EB945 /* FileManagerExtension.swift */; };
		8D915E3E279742A0003EB945 /* Reusable.swift in Sources */ = {isa = PBXBuildFile; fileRef = 8D915E3D279742A0003EB945 /* Reusable.swift */; };
		8D915E4127974695003EB945 /* UICollectionViewExtensions.swift in Sources */ = {isa = PBXBuildFile; fileRef = 8D915E4027974695003EB945 /* UICollectionViewExtensions.swift */; };
		8D915E43279747A9003EB945 /* UIImageViewExtension.swift in Sources */ = {isa = PBXBuildFile; fileRef = 8D915E42279747A9003EB945 /* UIImageViewExtension.swift */; };
		8D915E452797497C003EB945 /* CollectionViewHorizontalCustom.swift in Sources */ = {isa = PBXBuildFile; fileRef = 8D915E442797497C003EB945 /* CollectionViewHorizontalCustom.swift */; };
		8D915E4827975AD2003EB945 /* LoadingScreen.swift in Sources */ = {isa = PBXBuildFile; fileRef = 8D915E4727975AD2003EB945 /* LoadingScreen.swift */; };
		8D915E5827975E5F003EB945 /* MoviesViewController.swift in Sources */ = {isa = PBXBuildFile; fileRef = 8D915E5727975E5F003EB945 /* MoviesViewController.swift */; };
		8D915E5A27975EC3003EB945 /* MoviesViewProtocols.swift in Sources */ = {isa = PBXBuildFile; fileRef = 8D915E5927975EC3003EB945 /* MoviesViewProtocols.swift */; };
		8D915E5C27975F6A003EB945 /* MoviesPresenter.swift in Sources */ = {isa = PBXBuildFile; fileRef = 8D915E5B27975F6A003EB945 /* MoviesPresenter.swift */; };
		8D915E5F2797601B003EB945 /* MoviesPresenterProtocols.swift in Sources */ = {isa = PBXBuildFile; fileRef = 8D915E5E2797601B003EB945 /* MoviesPresenterProtocols.swift */; };
		8D915E6127976160003EB945 /* MoviesRouter.swift in Sources */ = {isa = PBXBuildFile; fileRef = 8D915E6027976160003EB945 /* MoviesRouter.swift */; };
		8D915E6427976178003EB945 /* MoviesRouterProtocols.swift in Sources */ = {isa = PBXBuildFile; fileRef = 8D915E6327976178003EB945 /* MoviesRouterProtocols.swift */; };
		8D915E6627976255003EB945 /* GetMoviesInteractor.swift in Sources */ = {isa = PBXBuildFile; fileRef = 8D915E6527976255003EB945 /* GetMoviesInteractor.swift */; };
		8D915E6827976269003EB945 /* GetMoviesInteractorProtocols.swift in Sources */ = {isa = PBXBuildFile; fileRef = 8D915E6727976269003EB945 /* GetMoviesInteractorProtocols.swift */; };
		8D915E6A279763A6003EB945 /* MoviesRepository.swift in Sources */ = {isa = PBXBuildFile; fileRef = 8D915E69279763A6003EB945 /* MoviesRepository.swift */; };
		8D915E6C279763B3003EB945 /* MoviesRepositoryProtocols.swift in Sources */ = {isa = PBXBuildFile; fileRef = 8D915E6B279763B3003EB945 /* MoviesRepositoryProtocols.swift */; };
		8D915E6E27979059003EB945 /* Movie.swift in Sources */ = {isa = PBXBuildFile; fileRef = 8D915E6D27979059003EB945 /* Movie.swift */; };
		8D915E70279790F2003EB945 /* PopularMovies.swift in Sources */ = {isa = PBXBuildFile; fileRef = 8D915E6F279790F2003EB945 /* PopularMovies.swift */; };
		8DCED3CD2857F73B00852E75 /* MockMoviesPresenterInput.swift in Sources */ = {isa = PBXBuildFile; fileRef = 8DCED3CC2857F73B00852E75 /* MockMoviesPresenterInput.swift */; };
		8DCED3CF2857F74E00852E75 /* MockMoviesPresenterOutput.swift in Sources */ = {isa = PBXBuildFile; fileRef = 8DCED3CE2857F74E00852E75 /* MockMoviesPresenterOutput.swift */; };
		8DCED3D12857FA8300852E75 /* MoviePresenterTest.swift in Sources */ = {isa = PBXBuildFile; fileRef = 8DCED3D02857FA8300852E75 /* MoviePresenterTest.swift */; };
		8DCED3D32857FB3900852E75 /* MockMoviesRouter.swift in Sources */ = {isa = PBXBuildFile; fileRef = 8DCED3D22857FB3900852E75 /* MockMoviesRouter.swift */; };
		8DD51F6828386321005E9FE1 /* DetailMovieDataSource.swift in Sources */ = {isa = PBXBuildFile; fileRef = 8DD51F6728386321005E9FE1 /* DetailMovieDataSource.swift */; };
		8DD51F6B28386397005E9FE1 /* DetailMovieTableViewSections.swift in Sources */ = {isa = PBXBuildFile; fileRef = 8DD51F6A28386397005E9FE1 /* DetailMovieTableViewSections.swift */; };
		8DE5310A279B12E200F51637 /* MoviesView.swift in Sources */ = {isa = PBXBuildFile; fileRef = 8DE53109279B12E200F51637 /* MoviesView.swift */; };
		8DE5310E279B16B400F51637 /* MoviesViewCell.swift in Sources */ = {isa = PBXBuildFile; fileRef = 8DE5310D279B16B400F51637 /* MoviesViewCell.swift */; };
		8DE53111279B20C200F51637 /* MoviesDataSource.swift in Sources */ = {isa = PBXBuildFile; fileRef = 8DE53110279B20C200F51637 /* MoviesDataSource.swift */; };
/* End PBXBuildFile section */

/* Begin PBXContainerItemProxy section */
		8D0E5D56283D879F00B320E1 /* PBXContainerItemProxy */ = {
			isa = PBXContainerItemProxy;
			containerPortal = 8D915E0A2797379A003EB945 /* Project object */;
			proxyType = 1;
			remoteGlobalIDString = 8D915E112797379A003EB945;
			remoteInfo = MovieApp;
		};
/* End PBXContainerItemProxy section */

/* Begin PBXFileReference section */
		8D0DF313281B4E1A00156597 /* UIViewControllerExtensions.swift */ = {isa = PBXFileReference; lastKnownFileType = sourcecode.swift; path = UIViewControllerExtensions.swift; sourceTree = "<group>"; };
		8D0E5D52283D879F00B320E1 /* MovieAppTests.xctest */ = {isa = PBXFileReference; explicitFileType = wrapper.cfbundle; includeInIndex = 0; path = MovieAppTests.xctest; sourceTree = BUILT_PRODUCTS_DIR; };
		8D0E5D64283D884600B320E1 /* PopularMovies.json */ = {isa = PBXFileReference; lastKnownFileType = text.json; path = PopularMovies.json; sourceTree = "<group>"; };
		8D0E5D6B283D88E000B320E1 /* MockMoviesRepositoryInput.swift */ = {isa = PBXFileReference; lastKnownFileType = sourcecode.swift; path = MockMoviesRepositoryInput.swift; sourceTree = "<group>"; };
		8D0E5D6D283D890B00B320E1 /* MockMoviesRepositoryOutput.swift */ = {isa = PBXFileReference; lastKnownFileType = sourcecode.swift; path = MockMoviesRepositoryOutput.swift; sourceTree = "<group>"; };
		8D0E5D6F283D892800B320E1 /* MockPopularMoviesService.swift */ = {isa = PBXFileReference; lastKnownFileType = sourcecode.swift; path = MockPopularMoviesService.swift; sourceTree = "<group>"; };
		8D0E5D72283D8A9E00B320E1 /* MockBaseService.swift */ = {isa = PBXFileReference; lastKnownFileType = sourcecode.swift; path = MockBaseService.swift; sourceTree = "<group>"; };
		8D0E5D74283D905300B320E1 /* MoviesRepositoryTest.swift */ = {isa = PBXFileReference; lastKnownFileType = sourcecode.swift; path = MoviesRepositoryTest.swift; sourceTree = "<group>"; };
		8D240230283859D1006CA21B /* DetailMovieView.swift */ = {isa = PBXFileReference; lastKnownFileType = sourcecode.swift; path = DetailMovieView.swift; sourceTree = "<group>"; };
		8D24023228385AFF006CA21B /* DetailImageViewCell.swift */ = {isa = PBXFileReference; lastKnownFileType = sourcecode.swift; path = DetailImageViewCell.swift; sourceTree = "<group>"; };
		8D24023528385B21006CA21B /* DetailInfoViewCell.swift */ = {isa = PBXFileReference; lastKnownFileType = sourcecode.swift; path = DetailInfoViewCell.swift; sourceTree = "<group>"; };
		8D30FF722846E80400FD0D12 /* MockGetMoviesInteractorInput.swift */ = {isa = PBXFileReference; lastKnownFileType = sourcecode.swift; path = MockGetMoviesInteractorInput.swift; sourceTree = "<group>"; };
		8D30FF752846E82300FD0D12 /* MockGetMoviesInteractorOutput.swift */ = {isa = PBXFileReference; lastKnownFileType = sourcecode.swift; path = MockGetMoviesInteractorOutput.swift; sourceTree = "<group>"; };
		8D30FF772846EE0400FD0D12 /* GetMoviesInteractorTest.swift */ = {isa = PBXFileReference; lastKnownFileType = sourcecode.swift; path = GetMoviesInteractorTest.swift; sourceTree = "<group>"; };
		8D594FAA281CB36000B9E2D9 /* DetailMovieService.swift */ = {isa = PBXFileReference; lastKnownFileType = sourcecode.swift; path = DetailMovieService.swift; sourceTree = "<group>"; };
		8D594FAC281CB36E00B9E2D9 /* DetailMovieProtocols.swift */ = {isa = PBXFileReference; lastKnownFileType = sourcecode.swift; path = DetailMovieProtocols.swift; sourceTree = "<group>"; };
		8D594FAE281CB38900B9E2D9 /* DetailMovieRepository.swift */ = {isa = PBXFileReference; lastKnownFileType = sourcecode.swift; path = DetailMovieRepository.swift; sourceTree = "<group>"; };
		8D594FB0281CB39500B9E2D9 /* DetailMovieRepositoryProtocols.swift */ = {isa = PBXFileReference; lastKnownFileType = sourcecode.swift; path = DetailMovieRepositoryProtocols.swift; sourceTree = "<group>"; };
		8D594FB2281CB3BB00B9E2D9 /* DetailMovieInteractor.swift */ = {isa = PBXFileReference; lastKnownFileType = sourcecode.swift; path = DetailMovieInteractor.swift; sourceTree = "<group>"; };
		8D594FB4281CB3C700B9E2D9 /* AnyDetailMovieInteractorProtocols.swift */ = {isa = PBXFileReference; lastKnownFileType = sourcecode.swift; path = AnyDetailMovieInteractorProtocols.swift; sourceTree = "<group>"; };
		8D594FB6281CB3EE00B9E2D9 /* DetailMoviePresenter.swift */ = {isa = PBXFileReference; lastKnownFileType = sourcecode.swift; path = DetailMoviePresenter.swift; sourceTree = "<group>"; };
		8D594FB8281CB42600B9E2D9 /* DetailMoviePresenterProtocols.swift */ = {isa = PBXFileReference; lastKnownFileType = sourcecode.swift; path = DetailMoviePresenterProtocols.swift; sourceTree = "<group>"; };
		8D594FBA281CB44A00B9E2D9 /* DetailMovieRouter.swift */ = {isa = PBXFileReference; lastKnownFileType = sourcecode.swift; path = DetailMovieRouter.swift; sourceTree = "<group>"; };
		8D594FBC281CB45600B9E2D9 /* AnyDetailMovieRouterProtocol.swift */ = {isa = PBXFileReference; lastKnownFileType = sourcecode.swift; path = AnyDetailMovieRouterProtocol.swift; sourceTree = "<group>"; };
		8D594FBE281CB4D300B9E2D9 /* DetailMovieViewController.swift */ = {isa = PBXFileReference; lastKnownFileType = sourcecode.swift; path = DetailMovieViewController.swift; sourceTree = "<group>"; };
		8D594FC0281CB4F700B9E2D9 /* AnyDetailMovieViewProtocols.swift */ = {isa = PBXFileReference; lastKnownFileType = sourcecode.swift; path = AnyDetailMovieViewProtocols.swift; sourceTree = "<group>"; };
		8D594FC2281CB5EA00B9E2D9 /* DetailMovie.swift */ = {isa = PBXFileReference; lastKnownFileType = sourcecode.swift; path = DetailMovie.swift; sourceTree = "<group>"; };
		8D7990232799F58500CE1725 /* PopularMoviesService.swift */ = {isa = PBXFileReference; lastKnownFileType = sourcecode.swift; path = PopularMoviesService.swift; sourceTree = "<group>"; };
		8D7990252799F59800CE1725 /* PopularMoviesServiceProtocol.swift */ = {isa = PBXFileReference; lastKnownFileType = sourcecode.swift; path = PopularMoviesServiceProtocol.swift; sourceTree = "<group>"; };
		8D915E122797379A003EB945 /* MovieApp.app */ = {isa = PBXFileReference; explicitFileType = wrapper.application; includeInIndex = 0; path = MovieApp.app; sourceTree = BUILT_PRODUCTS_DIR; };
		8D915E152797379A003EB945 /* AppDelegate.swift */ = {isa = PBXFileReference; lastKnownFileType = sourcecode.swift; path = AppDelegate.swift; sourceTree = "<group>"; };
		8D915E172797379A003EB945 /* SceneDelegate.swift */ = {isa = PBXFileReference; lastKnownFileType = sourcecode.swift; path = SceneDelegate.swift; sourceTree = "<group>"; };
		8D915E192797379A003EB945 /* ViewController.swift */ = {isa = PBXFileReference; lastKnownFileType = sourcecode.swift; path = ViewController.swift; sourceTree = "<group>"; };
		8D915E1C2797379A003EB945 /* Base */ = {isa = PBXFileReference; lastKnownFileType = file.storyboard; name = Base; path = Base.lproj/Main.storyboard; sourceTree = "<group>"; };
		8D915E1F2797379A003EB945 /* MovieApp.xcdatamodel */ = {isa = PBXFileReference; lastKnownFileType = wrapper.xcdatamodel; path = MovieApp.xcdatamodel; sourceTree = "<group>"; };
		8D915E212797379E003EB945 /* Assets.xcassets */ = {isa = PBXFileReference; lastKnownFileType = folder.assetcatalog; path = Assets.xcassets; sourceTree = "<group>"; };
		8D915E242797379E003EB945 /* Base */ = {isa = PBXFileReference; lastKnownFileType = file.storyboard; name = Base; path = Base.lproj/LaunchScreen.storyboard; sourceTree = "<group>"; };
		8D915E262797379E003EB945 /* Info.plist */ = {isa = PBXFileReference; lastKnownFileType = text.plist.xml; path = Info.plist; sourceTree = "<group>"; };
		8D915E2E27973A5F003EB945 /* Path.swift */ = {isa = PBXFileReference; lastKnownFileType = sourcecode.swift; path = Path.swift; sourceTree = "<group>"; };
		8D915E3027973B80003EB945 /* CustomError.swift */ = {isa = PBXFileReference; lastKnownFileType = sourcecode.swift; path = CustomError.swift; sourceTree = "<group>"; };
		8D915E3227973CA6003EB945 /* HTTPMethod.swift */ = {isa = PBXFileReference; lastKnownFileType = sourcecode.swift; path = HTTPMethod.swift; sourceTree = "<group>"; };
		8D915E3527973D45003EB945 /* BaseService.swift */ = {isa = PBXFileReference; lastKnownFileType = sourcecode.swift; path = BaseService.swift; sourceTree = "<group>"; };
		8D915E3A27974157003EB945 /* FileManagerExtension.swift */ = {isa = PBXFileReference; lastKnownFileType = sourcecode.swift; path = FileManagerExtension.swift; sourceTree = "<group>"; };
		8D915E3D279742A0003EB945 /* Reusable.swift */ = {isa = PBXFileReference; lastKnownFileType = sourcecode.swift; path = Reusable.swift; sourceTree = "<group>"; };
		8D915E4027974695003EB945 /* UICollectionViewExtensions.swift */ = {isa = PBXFileReference; lastKnownFileType = sourcecode.swift; path = UICollectionViewExtensions.swift; sourceTree = "<group>"; };
		8D915E42279747A9003EB945 /* UIImageViewExtension.swift */ = {isa = PBXFileReference; lastKnownFileType = sourcecode.swift; path = UIImageViewExtension.swift; sourceTree = "<group>"; };
		8D915E442797497C003EB945 /* CollectionViewHorizontalCustom.swift */ = {isa = PBXFileReference; lastKnownFileType = sourcecode.swift; path = CollectionViewHorizontalCustom.swift; sourceTree = "<group>"; };
		8D915E4727975AD2003EB945 /* LoadingScreen.swift */ = {isa = PBXFileReference; lastKnownFileType = sourcecode.swift; path = LoadingScreen.swift; sourceTree = "<group>"; };
		8D915E5727975E5F003EB945 /* MoviesViewController.swift */ = {isa = PBXFileReference; lastKnownFileType = sourcecode.swift; path = MoviesViewController.swift; sourceTree = "<group>"; };
		8D915E5927975EC3003EB945 /* MoviesViewProtocols.swift */ = {isa = PBXFileReference; lastKnownFileType = sourcecode.swift; path = MoviesViewProtocols.swift; sourceTree = "<group>"; };
		8D915E5B27975F6A003EB945 /* MoviesPresenter.swift */ = {isa = PBXFileReference; lastKnownFileType = sourcecode.swift; path = MoviesPresenter.swift; sourceTree = "<group>"; };
		8D915E5E2797601B003EB945 /* MoviesPresenterProtocols.swift */ = {isa = PBXFileReference; lastKnownFileType = sourcecode.swift; path = MoviesPresenterProtocols.swift; sourceTree = "<group>"; };
		8D915E6027976160003EB945 /* MoviesRouter.swift */ = {isa = PBXFileReference; lastKnownFileType = sourcecode.swift; path = MoviesRouter.swift; sourceTree = "<group>"; };
		8D915E6327976178003EB945 /* MoviesRouterProtocols.swift */ = {isa = PBXFileReference; lastKnownFileType = sourcecode.swift; path = MoviesRouterProtocols.swift; sourceTree = "<group>"; };
		8D915E6527976255003EB945 /* GetMoviesInteractor.swift */ = {isa = PBXFileReference; lastKnownFileType = sourcecode.swift; path = GetMoviesInteractor.swift; sourceTree = "<group>"; };
		8D915E6727976269003EB945 /* GetMoviesInteractorProtocols.swift */ = {isa = PBXFileReference; lastKnownFileType = sourcecode.swift; path = GetMoviesInteractorProtocols.swift; sourceTree = "<group>"; };
		8D915E69279763A6003EB945 /* MoviesRepository.swift */ = {isa = PBXFileReference; lastKnownFileType = sourcecode.swift; path = MoviesRepository.swift; sourceTree = "<group>"; };
		8D915E6B279763B3003EB945 /* MoviesRepositoryProtocols.swift */ = {isa = PBXFileReference; lastKnownFileType = sourcecode.swift; path = MoviesRepositoryProtocols.swift; sourceTree = "<group>"; };
		8D915E6D27979059003EB945 /* Movie.swift */ = {isa = PBXFileReference; lastKnownFileType = sourcecode.swift; path = Movie.swift; sourceTree = "<group>"; };
		8D915E6F279790F2003EB945 /* PopularMovies.swift */ = {isa = PBXFileReference; lastKnownFileType = sourcecode.swift; path = PopularMovies.swift; sourceTree = "<group>"; };
		8DCED3CC2857F73B00852E75 /* MockMoviesPresenterInput.swift */ = {isa = PBXFileReference; lastKnownFileType = sourcecode.swift; path = MockMoviesPresenterInput.swift; sourceTree = "<group>"; };
		8DCED3CE2857F74E00852E75 /* MockMoviesPresenterOutput.swift */ = {isa = PBXFileReference; lastKnownFileType = sourcecode.swift; path = MockMoviesPresenterOutput.swift; sourceTree = "<group>"; };
		8DCED3D02857FA8300852E75 /* MoviePresenterTest.swift */ = {isa = PBXFileReference; lastKnownFileType = sourcecode.swift; path = MoviePresenterTest.swift; sourceTree = "<group>"; };
		8DCED3D22857FB3900852E75 /* MockMoviesRouter.swift */ = {isa = PBXFileReference; lastKnownFileType = sourcecode.swift; path = MockMoviesRouter.swift; sourceTree = "<group>"; };
		8DD51F6728386321005E9FE1 /* DetailMovieDataSource.swift */ = {isa = PBXFileReference; lastKnownFileType = sourcecode.swift; path = DetailMovieDataSource.swift; sourceTree = "<group>"; };
		8DD51F6A28386397005E9FE1 /* DetailMovieTableViewSections.swift */ = {isa = PBXFileReference; lastKnownFileType = sourcecode.swift; path = DetailMovieTableViewSections.swift; sourceTree = "<group>"; };
		8DE53109279B12E200F51637 /* MoviesView.swift */ = {isa = PBXFileReference; lastKnownFileType = sourcecode.swift; path = MoviesView.swift; sourceTree = "<group>"; };
		8DE5310D279B16B400F51637 /* MoviesViewCell.swift */ = {isa = PBXFileReference; lastKnownFileType = sourcecode.swift; path = MoviesViewCell.swift; sourceTree = "<group>"; };
		8DE53110279B20C200F51637 /* MoviesDataSource.swift */ = {isa = PBXFileReference; lastKnownFileType = sourcecode.swift; path = MoviesDataSource.swift; sourceTree = "<group>"; };
/* End PBXFileReference section */

/* Begin PBXFrameworksBuildPhase section */
		8D0E5D4F283D879F00B320E1 /* Frameworks */ = {
			isa = PBXFrameworksBuildPhase;
			buildActionMask = 2147483647;
			files = (
			);
			runOnlyForDeploymentPostprocessing = 0;
		};
		8D915E0F2797379A003EB945 /* Frameworks */ = {
			isa = PBXFrameworksBuildPhase;
			buildActionMask = 2147483647;
			files = (
			);
			runOnlyForDeploymentPostprocessing = 0;
		};
/* End PBXFrameworksBuildPhase section */

/* Begin PBXGroup section */
		8D0E5D53283D879F00B320E1 /* MovieAppTests */ = {
			isa = PBXGroup;
			children = (
				8D0E5D71283D8A8800B320E1 /* Services */,
				8D0E5D5B283D87B600B320E1 /* Modules */,
			);
			path = MovieAppTests;
			sourceTree = "<group>";
		};
		8D0E5D5B283D87B600B320E1 /* Modules */ = {
			isa = PBXGroup;
			children = (
				8D0E5D5C283D87BF00B320E1 /* Movies */,
			);
			path = Modules;
			sourceTree = "<group>";
		};
		8D0E5D5C283D87BF00B320E1 /* Movies */ = {
			isa = PBXGroup;
			children = (
				8D0E5D5F283D87E500B320E1 /* Tests */,
				8D0E5D5E283D87DD00B320E1 /* Stubs */,
				8D0E5D5D283D87D700B320E1 /* Mocks */,
			);
			path = Movies;
			sourceTree = "<group>";
		};
		8D0E5D5D283D87D700B320E1 /* Mocks */ = {
			isa = PBXGroup;
			children = (
				8D0E5D69283D88A700B320E1 /* Router */,
				8D0E5D68283D88A000B320E1 /* Repository */,
				8D0E5D67283D889B00B320E1 /* Presenter */,
				8D0E5D66283D889500B320E1 /* Interactor */,
			);
			path = Mocks;
			sourceTree = "<group>";
		};
		8D0E5D5E283D87DD00B320E1 /* Stubs */ = {
			isa = PBXGroup;
			children = (
				8D0E5D64283D884600B320E1 /* PopularMovies.json */,
			);
			path = Stubs;
			sourceTree = "<group>";
		};
		8D0E5D5F283D87E500B320E1 /* Tests */ = {
			isa = PBXGroup;
			children = (
				8D0E5D63283D881200B320E1 /* View */,
				8D0E5D62283D880800B320E1 /* Repository */,
				8D0E5D61283D880000B320E1 /* Presenter */,
				8D0E5D60283D87FA00B320E1 /* Interactor */,
			);
			path = Tests;
			sourceTree = "<group>";
		};
		8D0E5D60283D87FA00B320E1 /* Interactor */ = {
			isa = PBXGroup;
			children = (
				8D30FF772846EE0400FD0D12 /* GetMoviesInteractorTest.swift */,
			);
			path = Interactor;
			sourceTree = "<group>";
		};
		8D0E5D61283D880000B320E1 /* Presenter */ = {
			isa = PBXGroup;
			children = (
				8DCED3D02857FA8300852E75 /* MoviePresenterTest.swift */,
			);
			path = Presenter;
			sourceTree = "<group>";
		};
		8D0E5D62283D880800B320E1 /* Repository */ = {
			isa = PBXGroup;
			children = (
				8D0E5D74283D905300B320E1 /* MoviesRepositoryTest.swift */,
			);
			path = Repository;
			sourceTree = "<group>";
		};
		8D0E5D63283D881200B320E1 /* View */ = {
			isa = PBXGroup;
			children = (
			);
			path = View;
			sourceTree = "<group>";
		};
		8D0E5D66283D889500B320E1 /* Interactor */ = {
			isa = PBXGroup;
			children = (
				8D30FF722846E80400FD0D12 /* MockGetMoviesInteractorInput.swift */,
				8D30FF752846E82300FD0D12 /* MockGetMoviesInteractorOutput.swift */,
			);
			path = Interactor;
			sourceTree = "<group>";
		};
		8D0E5D67283D889B00B320E1 /* Presenter */ = {
			isa = PBXGroup;
			children = (
				8DCED3CC2857F73B00852E75 /* MockMoviesPresenterInput.swift */,
				8DCED3CE2857F74E00852E75 /* MockMoviesPresenterOutput.swift */,
			);
			path = Presenter;
			sourceTree = "<group>";
		};
		8D0E5D68283D88A000B320E1 /* Repository */ = {
			isa = PBXGroup;
			children = (
				8D0E5D6A283D88B900B320E1 /* Remote */,
				8D0E5D6B283D88E000B320E1 /* MockMoviesRepositoryInput.swift */,
				8D0E5D6D283D890B00B320E1 /* MockMoviesRepositoryOutput.swift */,
			);
			path = Repository;
			sourceTree = "<group>";
		};
		8D0E5D69283D88A700B320E1 /* Router */ = {
			isa = PBXGroup;
			children = (
				8DCED3D22857FB3900852E75 /* MockMoviesRouter.swift */,
			);
			path = Router;
			sourceTree = "<group>";
		};
		8D0E5D6A283D88B900B320E1 /* Remote */ = {
			isa = PBXGroup;
			children = (
				8D0E5D6F283D892800B320E1 /* MockPopularMoviesService.swift */,
			);
			path = Remote;
			sourceTree = "<group>";
		};
		8D0E5D71283D8A8800B320E1 /* Services */ = {
			isa = PBXGroup;
			children = (
				8D0E5D72283D8A9E00B320E1 /* MockBaseService.swift */,
			);
			path = Services;
			sourceTree = "<group>";
		};
		8D24022D28385892006CA21B /* DetailMovieDataSource */ = {
			isa = PBXGroup;
			children = (
				8DD51F6728386321005E9FE1 /* DetailMovieDataSource.swift */,
			);
			path = DetailMovieDataSource;
			sourceTree = "<group>";
		};
		8D24022E283858A6006CA21B /* DetailCell */ = {
			isa = PBXGroup;
			children = (
				8D24023228385AFF006CA21B /* DetailImageViewCell.swift */,
				8D24023528385B21006CA21B /* DetailInfoViewCell.swift */,
			);
			path = DetailCell;
			sourceTree = "<group>";
		};
		8D24022F283858B1006CA21B /* DetailMovieView */ = {
			isa = PBXGroup;
			children = (
				8D240230283859D1006CA21B /* DetailMovieView.swift */,
			);
			path = DetailMovieView;
			sourceTree = "<group>";
		};
		8D594FA2281CB2C900B9E2D9 /* DetailMovies */ = {
			isa = PBXGroup;
			children = (
				8D594FA8281CB32100B9E2D9 /* Repository */,
				8D594FA7281CB30F00B9E2D9 /* Router */,
				8D594FA6281CB30000B9E2D9 /* Entity */,
				8D594FA5281CB2F500B9E2D9 /* Presenter */,
				8D594FA4281CB2E700B9E2D9 /* Interactor */,
				8D594FA3281CB2E200B9E2D9 /* View */,
			);
			path = DetailMovies;
			sourceTree = "<group>";
		};
		8D594FA3281CB2E200B9E2D9 /* View */ = {
			isa = PBXGroup;
			children = (
				8DD51F6928386383005E9FE1 /* DetailSections */,
				8D24022F283858B1006CA21B /* DetailMovieView */,
				8D24022E283858A6006CA21B /* DetailCell */,
				8D24022D28385892006CA21B /* DetailMovieDataSource */,
				8D594FBE281CB4D300B9E2D9 /* DetailMovieViewController.swift */,
				8D594FC0281CB4F700B9E2D9 /* AnyDetailMovieViewProtocols.swift */,
			);
			path = View;
			sourceTree = "<group>";
		};
		8D594FA4281CB2E700B9E2D9 /* Interactor */ = {
			isa = PBXGroup;
			children = (
				8D594FB2281CB3BB00B9E2D9 /* DetailMovieInteractor.swift */,
				8D594FB4281CB3C700B9E2D9 /* AnyDetailMovieInteractorProtocols.swift */,
			);
			path = Interactor;
			sourceTree = "<group>";
		};
		8D594FA5281CB2F500B9E2D9 /* Presenter */ = {
			isa = PBXGroup;
			children = (
				8D594FB6281CB3EE00B9E2D9 /* DetailMoviePresenter.swift */,
				8D594FB8281CB42600B9E2D9 /* DetailMoviePresenterProtocols.swift */,
			);
			path = Presenter;
			sourceTree = "<group>";
		};
		8D594FA6281CB30000B9E2D9 /* Entity */ = {
			isa = PBXGroup;
			children = (
				8D594FC2281CB5EA00B9E2D9 /* DetailMovie.swift */,
			);
			path = Entity;
			sourceTree = "<group>";
		};
		8D594FA7281CB30F00B9E2D9 /* Router */ = {
			isa = PBXGroup;
			children = (
				8D594FBA281CB44A00B9E2D9 /* DetailMovieRouter.swift */,
				8D594FBC281CB45600B9E2D9 /* AnyDetailMovieRouterProtocol.swift */,
			);
			path = Router;
			sourceTree = "<group>";
		};
		8D594FA8281CB32100B9E2D9 /* Repository */ = {
			isa = PBXGroup;
			children = (
				8D594FA9281CB33200B9E2D9 /* Remote */,
				8D594FAE281CB38900B9E2D9 /* DetailMovieRepository.swift */,
				8D594FB0281CB39500B9E2D9 /* DetailMovieRepositoryProtocols.swift */,
			);
			path = Repository;
			sourceTree = "<group>";
		};
		8D594FA9281CB33200B9E2D9 /* Remote */ = {
			isa = PBXGroup;
			children = (
				8D594FAA281CB36000B9E2D9 /* DetailMovieService.swift */,
				8D594FAC281CB36E00B9E2D9 /* DetailMovieProtocols.swift */,
			);
			path = Remote;
			sourceTree = "<group>";
		};
		8D7990222799F55800CE1725 /* Remote */ = {
			isa = PBXGroup;
			children = (
				8D7990232799F58500CE1725 /* PopularMoviesService.swift */,
				8D7990252799F59800CE1725 /* PopularMoviesServiceProtocol.swift */,
			);
			path = Remote;
			sourceTree = "<group>";
		};
		8D915E092797379A003EB945 = {
			isa = PBXGroup;
			children = (
				8D915E142797379A003EB945 /* MovieApp */,
				8D0E5D53283D879F00B320E1 /* MovieAppTests */,
				8D915E132797379A003EB945 /* Products */,
			);
			sourceTree = "<group>";
		};
		8D915E132797379A003EB945 /* Products */ = {
			isa = PBXGroup;
			children = (
				8D915E122797379A003EB945 /* MovieApp.app */,
				8D0E5D52283D879F00B320E1 /* MovieAppTests.xctest */,
			);
			name = Products;
			sourceTree = "<group>";
		};
		8D915E142797379A003EB945 /* MovieApp */ = {
			isa = PBXGroup;
			children = (
				8D915E4927975C2C003EB945 /* App */,
				8D915E382797410F003EB945 /* Extensions */,
				8D915E3727974108003EB945 /* Common */,
				8D915E3927974117003EB945 /* Modules */,
				8D915E2C27973A02003EB945 /* Services */,
				8D915E192797379A003EB945 /* ViewController.swift */,
				8D915E1B2797379A003EB945 /* Main.storyboard */,
				8D915E262797379E003EB945 /* Info.plist */,
				8D915E1E2797379A003EB945 /* MovieApp.xcdatamodeld */,
			);
			path = MovieApp;
			sourceTree = "<group>";
		};
		8D915E2C27973A02003EB945 /* Services */ = {
			isa = PBXGroup;
			children = (
				8D915E2E27973A5F003EB945 /* Path.swift */,
				8D915E3027973B80003EB945 /* CustomError.swift */,
				8D915E3227973CA6003EB945 /* HTTPMethod.swift */,
				8D915E3527973D45003EB945 /* BaseService.swift */,
			);
			path = Services;
			sourceTree = "<group>";
		};
		8D915E3727974108003EB945 /* Common */ = {
			isa = PBXGroup;
			children = (
				8D915E442797497C003EB945 /* CollectionViewHorizontalCustom.swift */,
				8D915E4727975AD2003EB945 /* LoadingScreen.swift */,
			);
			path = Common;
			sourceTree = "<group>";
		};
		8D915E382797410F003EB945 /* Extensions */ = {
			isa = PBXGroup;
			children = (
				8D915E3A27974157003EB945 /* FileManagerExtension.swift */,
				8D915E3D279742A0003EB945 /* Reusable.swift */,
				8D915E4027974695003EB945 /* UICollectionViewExtensions.swift */,
				8D915E42279747A9003EB945 /* UIImageViewExtension.swift */,
				8D0DF313281B4E1A00156597 /* UIViewControllerExtensions.swift */,
			);
			path = Extensions;
			sourceTree = "<group>";
		};
		8D915E3927974117003EB945 /* Modules */ = {
			isa = PBXGroup;
			children = (
				8D594FA2281CB2C900B9E2D9 /* DetailMovies */,
				8D915E4A27975CD3003EB945 /* Movies */,
			);
			path = Modules;
			sourceTree = "<group>";
		};
		8D915E4927975C2C003EB945 /* App */ = {
			isa = PBXGroup;
			children = (
				8D915E152797379A003EB945 /* AppDelegate.swift */,
				8D915E172797379A003EB945 /* SceneDelegate.swift */,
				8D915E212797379E003EB945 /* Assets.xcassets */,
				8D915E232797379E003EB945 /* LaunchScreen.storyboard */,
			);
			path = App;
			sourceTree = "<group>";
		};
		8D915E4A27975CD3003EB945 /* Movies */ = {
			isa = PBXGroup;
			children = (
				8D915E4B27975CD9003EB945 /* Entity */,
				8D915E5127975DB3003EB945 /* Interactor */,
				8D915E4C27975CE0003EB945 /* Presenter */,
				8D915E4D27975CE8003EB945 /* Respository */,
				8D915E4F27975CF8003EB945 /* Router */,
				8D915E4E27975CEF003EB945 /* View */,
			);
			path = Movies;
			sourceTree = "<group>";
		};
		8D915E4B27975CD9003EB945 /* Entity */ = {
			isa = PBXGroup;
			children = (
				8D915E6D27979059003EB945 /* Movie.swift */,
				8D915E6F279790F2003EB945 /* PopularMovies.swift */,
			);
			path = Entity;
			sourceTree = "<group>";
		};
		8D915E4C27975CE0003EB945 /* Presenter */ = {
			isa = PBXGroup;
			children = (
				8D915E5B27975F6A003EB945 /* MoviesPresenter.swift */,
				8D915E5E2797601B003EB945 /* MoviesPresenterProtocols.swift */,
			);
			path = Presenter;
			sourceTree = "<group>";
		};
		8D915E4D27975CE8003EB945 /* Respository */ = {
			isa = PBXGroup;
			children = (
				8D7990222799F55800CE1725 /* Remote */,
				8D915E69279763A6003EB945 /* MoviesRepository.swift */,
				8D915E6B279763B3003EB945 /* MoviesRepositoryProtocols.swift */,
			);
			path = Respository;
			sourceTree = "<group>";
		};
		8D915E4E27975CEF003EB945 /* View */ = {
			isa = PBXGroup;
			children = (
				8DE5310F279B20A600F51637 /* MoviesDataSource */,
				8DE5310C279B168F00F51637 /* MovieCell */,
				8DE5310B279B12E800F51637 /* MoviesView */,
				8D915E5727975E5F003EB945 /* MoviesViewController.swift */,
				8D915E5927975EC3003EB945 /* MoviesViewProtocols.swift */,
			);
			path = View;
			sourceTree = "<group>";
		};
		8D915E4F27975CF8003EB945 /* Router */ = {
			isa = PBXGroup;
			children = (
				8D915E6027976160003EB945 /* MoviesRouter.swift */,
				8D915E6327976178003EB945 /* MoviesRouterProtocols.swift */,
			);
			path = Router;
			sourceTree = "<group>";
		};
		8D915E5127975DB3003EB945 /* Interactor */ = {
			isa = PBXGroup;
			children = (
				8D915E6527976255003EB945 /* GetMoviesInteractor.swift */,
				8D915E6727976269003EB945 /* GetMoviesInteractorProtocols.swift */,
			);
			path = Interactor;
			sourceTree = "<group>";
		};
		8DD51F6928386383005E9FE1 /* DetailSections */ = {
			isa = PBXGroup;
			children = (
				8DD51F6A28386397005E9FE1 /* DetailMovieTableViewSections.swift */,
			);
			path = DetailSections;
			sourceTree = "<group>";
		};
		8DE5310B279B12E800F51637 /* MoviesView */ = {
			isa = PBXGroup;
			children = (
				8DE53109279B12E200F51637 /* MoviesView.swift */,
			);
			path = MoviesView;
			sourceTree = "<group>";
		};
		8DE5310C279B168F00F51637 /* MovieCell */ = {
			isa = PBXGroup;
			children = (
				8DE5310D279B16B400F51637 /* MoviesViewCell.swift */,
			);
			path = MovieCell;
			sourceTree = "<group>";
		};
		8DE5310F279B20A600F51637 /* MoviesDataSource */ = {
			isa = PBXGroup;
			children = (
				8DE53110279B20C200F51637 /* MoviesDataSource.swift */,
			);
			path = MoviesDataSource;
			sourceTree = "<group>";
		};
/* End PBXGroup section */

/* Begin PBXNativeTarget section */
		8D0E5D51283D879F00B320E1 /* MovieAppTests */ = {
			isa = PBXNativeTarget;
			buildConfigurationList = 8D0E5D5A283D879F00B320E1 /* Build configuration list for PBXNativeTarget "MovieAppTests" */;
			buildPhases = (
				8D0E5D4E283D879F00B320E1 /* Sources */,
				8D0E5D4F283D879F00B320E1 /* Frameworks */,
				8D0E5D50283D879F00B320E1 /* Resources */,
			);
			buildRules = (
			);
			dependencies = (
				8D0E5D57283D879F00B320E1 /* PBXTargetDependency */,
			);
			name = MovieAppTests;
			productName = MovieAppTests;
			productReference = 8D0E5D52283D879F00B320E1 /* MovieAppTests.xctest */;
			productType = "com.apple.product-type.bundle.unit-test";
		};
		8D915E112797379A003EB945 /* MovieApp */ = {
			isa = PBXNativeTarget;
			buildConfigurationList = 8D915E292797379E003EB945 /* Build configuration list for PBXNativeTarget "MovieApp" */;
			buildPhases = (
				8D915E0E2797379A003EB945 /* Sources */,
				8D915E0F2797379A003EB945 /* Frameworks */,
				8D915E102797379A003EB945 /* Resources */,
			);
			buildRules = (
			);
			dependencies = (
			);
			name = MovieApp;
			productName = MovieApp;
			productReference = 8D915E122797379A003EB945 /* MovieApp.app */;
			productType = "com.apple.product-type.application";
		};
/* End PBXNativeTarget section */

/* Begin PBXProject section */
		8D915E0A2797379A003EB945 /* Project object */ = {
			isa = PBXProject;
			attributes = {
				BuildIndependentTargetsInParallel = 1;
				LastSwiftUpdateCheck = 1330;
				LastUpgradeCheck = 1320;
				TargetAttributes = {
					8D0E5D51283D879F00B320E1 = {
						CreatedOnToolsVersion = 13.3.1;
						TestTargetID = 8D915E112797379A003EB945;
					};
					8D915E112797379A003EB945 = {
						CreatedOnToolsVersion = 13.2.1;
					};
				};
			};
			buildConfigurationList = 8D915E0D2797379A003EB945 /* Build configuration list for PBXProject "MovieApp" */;
			compatibilityVersion = "Xcode 13.0";
			developmentRegion = en;
			hasScannedForEncodings = 0;
			knownRegions = (
				en,
				Base,
			);
			mainGroup = 8D915E092797379A003EB945;
			productRefGroup = 8D915E132797379A003EB945 /* Products */;
			projectDirPath = "";
			projectRoot = "";
			targets = (
				8D915E112797379A003EB945 /* MovieApp */,
				8D0E5D51283D879F00B320E1 /* MovieAppTests */,
			);
		};
/* End PBXProject section */

/* Begin PBXResourcesBuildPhase section */
		8D0E5D50283D879F00B320E1 /* Resources */ = {
			isa = PBXResourcesBuildPhase;
			buildActionMask = 2147483647;
			files = (
				8D0E5D65283D884600B320E1 /* PopularMovies.json in Resources */,
			);
			runOnlyForDeploymentPostprocessing = 0;
		};
		8D915E102797379A003EB945 /* Resources */ = {
			isa = PBXResourcesBuildPhase;
			buildActionMask = 2147483647;
			files = (
				8D915E252797379E003EB945 /* LaunchScreen.storyboard in Resources */,
				8D915E222797379E003EB945 /* Assets.xcassets in Resources */,
				8D915E1D2797379A003EB945 /* Main.storyboard in Resources */,
			);
			runOnlyForDeploymentPostprocessing = 0;
		};
/* End PBXResourcesBuildPhase section */

/* Begin PBXSourcesBuildPhase section */
		8D0E5D4E283D879F00B320E1 /* Sources */ = {
			isa = PBXSourcesBuildPhase;
			buildActionMask = 2147483647;
			files = (
				8DCED3CD2857F73B00852E75 /* MockMoviesPresenterInput.swift in Sources */,
				8D0E5D75283D905300B320E1 /* MoviesRepositoryTest.swift in Sources */,
				8DCED3D12857FA8300852E75 /* MoviePresenterTest.swift in Sources */,
				8DCED3CF2857F74E00852E75 /* MockMoviesPresenterOutput.swift in Sources */,
				8D0E5D6C283D88E000B320E1 /* MockMoviesRepositoryInput.swift in Sources */,
				8D0E5D73283D8A9E00B320E1 /* MockBaseService.swift in Sources */,
				8D0E5D6E283D890B00B320E1 /* MockMoviesRepositoryOutput.swift in Sources */,
				8D30FF732846E80400FD0D12 /* MockGetMoviesInteractorInput.swift in Sources */,
				8D0E5D70283D892800B320E1 /* MockPopularMoviesService.swift in Sources */,
				8D30FF782846EE0400FD0D12 /* GetMoviesInteractorTest.swift in Sources */,
				8D30FF762846E82300FD0D12 /* MockGetMoviesInteractorOutput.swift in Sources */,
				8DCED3D32857FB3900852E75 /* MockMoviesRouter.swift in Sources */,
			);
			runOnlyForDeploymentPostprocessing = 0;
		};
		8D915E0E2797379A003EB945 /* Sources */ = {
			isa = PBXSourcesBuildPhase;
			buildActionMask = 2147483647;
			files = (
				8D915E3627973D45003EB945 /* BaseService.swift in Sources */,
				8D915E5C27975F6A003EB945 /* MoviesPresenter.swift in Sources */,
				8D594FAF281CB38900B9E2D9 /* DetailMovieRepository.swift in Sources */,
				8D915E6A279763A6003EB945 /* MoviesRepository.swift in Sources */,
				8D915E4127974695003EB945 /* UICollectionViewExtensions.swift in Sources */,
				8D915E70279790F2003EB945 /* PopularMovies.swift in Sources */,
				8D915E6E27979059003EB945 /* Movie.swift in Sources */,
				8DD51F6B28386397005E9FE1 /* DetailMovieTableViewSections.swift in Sources */,
				8D594FBD281CB45600B9E2D9 /* AnyDetailMovieRouterProtocol.swift in Sources */,
				8D7990262799F59800CE1725 /* PopularMoviesServiceProtocol.swift in Sources */,
				8D915E43279747A9003EB945 /* UIImageViewExtension.swift in Sources */,
				8D594FB5281CB3C700B9E2D9 /* AnyDetailMovieInteractorProtocols.swift in Sources */,
				8D7990242799F58500CE1725 /* PopularMoviesService.swift in Sources */,
				8D915E3B27974157003EB945 /* FileManagerExtension.swift in Sources */,
				8DD51F6828386321005E9FE1 /* DetailMovieDataSource.swift in Sources */,
				8D24023628385B21006CA21B /* DetailInfoViewCell.swift in Sources */,
				8D594FB7281CB3EE00B9E2D9 /* DetailMoviePresenter.swift in Sources */,
				8D594FBB281CB44A00B9E2D9 /* DetailMovieRouter.swift in Sources */,
				8D594FB1281CB39500B9E2D9 /* DetailMovieRepositoryProtocols.swift in Sources */,
				8D594FB9281CB42600B9E2D9 /* DetailMoviePresenterProtocols.swift in Sources */,
				8D915E1A2797379A003EB945 /* ViewController.swift in Sources */,
				8D915E162797379A003EB945 /* AppDelegate.swift in Sources */,
				8D915E5F2797601B003EB945 /* MoviesPresenterProtocols.swift in Sources */,
				8D240231283859D1006CA21B /* DetailMovieView.swift in Sources */,
				8D594FC3281CB5EA00B9E2D9 /* DetailMovie.swift in Sources */,
				8D915E6827976269003EB945 /* GetMoviesInteractorProtocols.swift in Sources */,
				8D915E6C279763B3003EB945 /* MoviesRepositoryProtocols.swift in Sources */,
				8D915E3E279742A0003EB945 /* Reusable.swift in Sources */,
				8D0DF314281B4E1A00156597 /* UIViewControllerExtensions.swift in Sources */,
				8D915E5A27975EC3003EB945 /* MoviesViewProtocols.swift in Sources */,
				8D594FC1281CB4F700B9E2D9 /* AnyDetailMovieViewProtocols.swift in Sources */,
				8D594FB3281CB3BB00B9E2D9 /* DetailMovieInteractor.swift in Sources */,
				8D594FBF281CB4D300B9E2D9 /* DetailMovieViewController.swift in Sources */,
				8D915E3327973CA6003EB945 /* HTTPMethod.swift in Sources */,
				8D915E6427976178003EB945 /* MoviesRouterProtocols.swift in Sources */,
				8DE53111279B20C200F51637 /* MoviesDataSource.swift in Sources */,
				8D24023328385AFF006CA21B /* DetailImageViewCell.swift in Sources */,
				8DE5310A279B12E200F51637 /* MoviesView.swift in Sources */,
				8D915E4827975AD2003EB945 /* LoadingScreen.swift in Sources */,
				8D915E6127976160003EB945 /* MoviesRouter.swift in Sources */,
				8D915E6627976255003EB945 /* GetMoviesInteractor.swift in Sources */,
				8D594FAD281CB36E00B9E2D9 /* DetailMovieProtocols.swift in Sources */,
				8D915E202797379A003EB945 /* MovieApp.xcdatamodeld in Sources */,
				8D915E2F27973A5F003EB945 /* Path.swift in Sources */,
				8D594FAB281CB36000B9E2D9 /* DetailMovieService.swift in Sources */,
				8D915E5827975E5F003EB945 /* MoviesViewController.swift in Sources */,
				8D915E452797497C003EB945 /* CollectionViewHorizontalCustom.swift in Sources */,
				8DE5310E279B16B400F51637 /* MoviesViewCell.swift in Sources */,
				8D915E182797379A003EB945 /* SceneDelegate.swift in Sources */,
				8D915E3127973B80003EB945 /* CustomError.swift in Sources */,
			);
			runOnlyForDeploymentPostprocessing = 0;
		};
/* End PBXSourcesBuildPhase section */

/* Begin PBXTargetDependency section */
		8D0E5D57283D879F00B320E1 /* PBXTargetDependency */ = {
			isa = PBXTargetDependency;
			target = 8D915E112797379A003EB945 /* MovieApp */;
			targetProxy = 8D0E5D56283D879F00B320E1 /* PBXContainerItemProxy */;
		};
/* End PBXTargetDependency section */

/* Begin PBXVariantGroup section */
		8D915E1B2797379A003EB945 /* Main.storyboard */ = {
			isa = PBXVariantGroup;
			children = (
				8D915E1C2797379A003EB945 /* Base */,
			);
			name = Main.storyboard;
			sourceTree = "<group>";
		};
		8D915E232797379E003EB945 /* LaunchScreen.storyboard */ = {
			isa = PBXVariantGroup;
			children = (
				8D915E242797379E003EB945 /* Base */,
			);
			name = LaunchScreen.storyboard;
			sourceTree = "<group>";
		};
/* End PBXVariantGroup section */

/* Begin XCBuildConfiguration section */
		8D0E5D58283D879F00B320E1 /* Debug */ = {
			isa = XCBuildConfiguration;
			buildSettings = {
				BUNDLE_LOADER = "$(TEST_HOST)";
				CODE_SIGN_STYLE = Automatic;
				CURRENT_PROJECT_VERSION = 1;
				DEVELOPMENT_TEAM = S52ZRS44GD;
				GENERATE_INFOPLIST_FILE = YES;
				IPHONEOS_DEPLOYMENT_TARGET = 15.4;
				MARKETING_VERSION = 1.0;
				PRODUCT_BUNDLE_IDENTIFIER = com.detotounpoquito.MovieAppTests;
				PRODUCT_NAME = "$(TARGET_NAME)";
				SWIFT_EMIT_LOC_STRINGS = NO;
				SWIFT_VERSION = 5.0;
				TARGETED_DEVICE_FAMILY = "1,2";
				TEST_HOST = "$(BUILT_PRODUCTS_DIR)/MovieApp.app/MovieApp";
			};
			name = Debug;
		};
		8D0E5D59283D879F00B320E1 /* Release */ = {
			isa = XCBuildConfiguration;
			buildSettings = {
				BUNDLE_LOADER = "$(TEST_HOST)";
				CODE_SIGN_STYLE = Automatic;
				CURRENT_PROJECT_VERSION = 1;
				DEVELOPMENT_TEAM = S52ZRS44GD;
				GENERATE_INFOPLIST_FILE = YES;
				IPHONEOS_DEPLOYMENT_TARGET = 15.4;
				MARKETING_VERSION = 1.0;
				PRODUCT_BUNDLE_IDENTIFIER = com.detotounpoquito.MovieAppTests;
				PRODUCT_NAME = "$(TARGET_NAME)";
				SWIFT_EMIT_LOC_STRINGS = NO;
				SWIFT_VERSION = 5.0;
				TARGETED_DEVICE_FAMILY = "1,2";
				TEST_HOST = "$(BUILT_PRODUCTS_DIR)/MovieApp.app/MovieApp";
			};
			name = Release;
		};
		8D915E272797379E003EB945 /* Debug */ = {
			isa = XCBuildConfiguration;
			buildSettings = {
				ALWAYS_SEARCH_USER_PATHS = NO;
				CLANG_ANALYZER_NONNULL = YES;
				CLANG_ANALYZER_NUMBER_OBJECT_CONVERSION = YES_AGGRESSIVE;
				CLANG_CXX_LANGUAGE_STANDARD = "gnu++17";
				CLANG_CXX_LIBRARY = "libc++";
				CLANG_ENABLE_MODULES = YES;
				CLANG_ENABLE_OBJC_ARC = YES;
				CLANG_ENABLE_OBJC_WEAK = YES;
				CLANG_WARN_BLOCK_CAPTURE_AUTORELEASING = YES;
				CLANG_WARN_BOOL_CONVERSION = YES;
				CLANG_WARN_COMMA = YES;
				CLANG_WARN_CONSTANT_CONVERSION = YES;
				CLANG_WARN_DEPRECATED_OBJC_IMPLEMENTATIONS = YES;
				CLANG_WARN_DIRECT_OBJC_ISA_USAGE = YES_ERROR;
				CLANG_WARN_DOCUMENTATION_COMMENTS = YES;
				CLANG_WARN_EMPTY_BODY = YES;
				CLANG_WARN_ENUM_CONVERSION = YES;
				CLANG_WARN_INFINITE_RECURSION = YES;
				CLANG_WARN_INT_CONVERSION = YES;
				CLANG_WARN_NON_LITERAL_NULL_CONVERSION = YES;
				CLANG_WARN_OBJC_IMPLICIT_RETAIN_SELF = YES;
				CLANG_WARN_OBJC_LITERAL_CONVERSION = YES;
				CLANG_WARN_OBJC_ROOT_CLASS = YES_ERROR;
				CLANG_WARN_QUOTED_INCLUDE_IN_FRAMEWORK_HEADER = YES;
				CLANG_WARN_RANGE_LOOP_ANALYSIS = YES;
				CLANG_WARN_STRICT_PROTOTYPES = YES;
				CLANG_WARN_SUSPICIOUS_MOVE = YES;
				CLANG_WARN_UNGUARDED_AVAILABILITY = YES_AGGRESSIVE;
				CLANG_WARN_UNREACHABLE_CODE = YES;
				CLANG_WARN__DUPLICATE_METHOD_MATCH = YES;
				COPY_PHASE_STRIP = NO;
				DEBUG_INFORMATION_FORMAT = dwarf;
				ENABLE_STRICT_OBJC_MSGSEND = YES;
				ENABLE_TESTABILITY = YES;
				GCC_C_LANGUAGE_STANDARD = gnu11;
				GCC_DYNAMIC_NO_PIC = NO;
				GCC_NO_COMMON_BLOCKS = YES;
				GCC_OPTIMIZATION_LEVEL = 0;
				GCC_PREPROCESSOR_DEFINITIONS = (
					"DEBUG=1",
					"$(inherited)",
				);
				GCC_WARN_64_TO_32_BIT_CONVERSION = YES;
				GCC_WARN_ABOUT_RETURN_TYPE = YES_ERROR;
				GCC_WARN_UNDECLARED_SELECTOR = YES;
				GCC_WARN_UNINITIALIZED_AUTOS = YES_AGGRESSIVE;
				GCC_WARN_UNUSED_FUNCTION = YES;
				GCC_WARN_UNUSED_VARIABLE = YES;
				IPHONEOS_DEPLOYMENT_TARGET = 15.2;
				MTL_ENABLE_DEBUG_INFO = INCLUDE_SOURCE;
				MTL_FAST_MATH = YES;
				ONLY_ACTIVE_ARCH = YES;
				SDKROOT = iphoneos;
				SWIFT_ACTIVE_COMPILATION_CONDITIONS = DEBUG;
				SWIFT_OPTIMIZATION_LEVEL = "-Onone";
			};
			name = Debug;
		};
		8D915E282797379E003EB945 /* Release */ = {
			isa = XCBuildConfiguration;
			buildSettings = {
				ALWAYS_SEARCH_USER_PATHS = NO;
				CLANG_ANALYZER_NONNULL = YES;
				CLANG_ANALYZER_NUMBER_OBJECT_CONVERSION = YES_AGGRESSIVE;
				CLANG_CXX_LANGUAGE_STANDARD = "gnu++17";
				CLANG_CXX_LIBRARY = "libc++";
				CLANG_ENABLE_MODULES = YES;
				CLANG_ENABLE_OBJC_ARC = YES;
				CLANG_ENABLE_OBJC_WEAK = YES;
				CLANG_WARN_BLOCK_CAPTURE_AUTORELEASING = YES;
				CLANG_WARN_BOOL_CONVERSION = YES;
				CLANG_WARN_COMMA = YES;
				CLANG_WARN_CONSTANT_CONVERSION = YES;
				CLANG_WARN_DEPRECATED_OBJC_IMPLEMENTATIONS = YES;
				CLANG_WARN_DIRECT_OBJC_ISA_USAGE = YES_ERROR;
				CLANG_WARN_DOCUMENTATION_COMMENTS = YES;
				CLANG_WARN_EMPTY_BODY = YES;
				CLANG_WARN_ENUM_CONVERSION = YES;
				CLANG_WARN_INFINITE_RECURSION = YES;
				CLANG_WARN_INT_CONVERSION = YES;
				CLANG_WARN_NON_LITERAL_NULL_CONVERSION = YES;
				CLANG_WARN_OBJC_IMPLICIT_RETAIN_SELF = YES;
				CLANG_WARN_OBJC_LITERAL_CONVERSION = YES;
				CLANG_WARN_OBJC_ROOT_CLASS = YES_ERROR;
				CLANG_WARN_QUOTED_INCLUDE_IN_FRAMEWORK_HEADER = YES;
				CLANG_WARN_RANGE_LOOP_ANALYSIS = YES;
				CLANG_WARN_STRICT_PROTOTYPES = YES;
				CLANG_WARN_SUSPICIOUS_MOVE = YES;
				CLANG_WARN_UNGUARDED_AVAILABILITY = YES_AGGRESSIVE;
				CLANG_WARN_UNREACHABLE_CODE = YES;
				CLANG_WARN__DUPLICATE_METHOD_MATCH = YES;
				COPY_PHASE_STRIP = NO;
				DEBUG_INFORMATION_FORMAT = "dwarf-with-dsym";
				ENABLE_NS_ASSERTIONS = NO;
				ENABLE_STRICT_OBJC_MSGSEND = YES;
				GCC_C_LANGUAGE_STANDARD = gnu11;
				GCC_NO_COMMON_BLOCKS = YES;
				GCC_WARN_64_TO_32_BIT_CONVERSION = YES;
				GCC_WARN_ABOUT_RETURN_TYPE = YES_ERROR;
				GCC_WARN_UNDECLARED_SELECTOR = YES;
				GCC_WARN_UNINITIALIZED_AUTOS = YES_AGGRESSIVE;
				GCC_WARN_UNUSED_FUNCTION = YES;
				GCC_WARN_UNUSED_VARIABLE = YES;
				IPHONEOS_DEPLOYMENT_TARGET = 15.2;
				MTL_ENABLE_DEBUG_INFO = NO;
				MTL_FAST_MATH = YES;
				SDKROOT = iphoneos;
				SWIFT_COMPILATION_MODE = wholemodule;
				SWIFT_OPTIMIZATION_LEVEL = "-O";
				VALIDATE_PRODUCT = YES;
			};
			name = Release;
		};
		8D915E2A2797379E003EB945 /* Debug */ = {
			isa = XCBuildConfiguration;
			buildSettings = {
				ASSETCATALOG_COMPILER_APPICON_NAME = AppIcon;
				ASSETCATALOG_COMPILER_GLOBAL_ACCENT_COLOR_NAME = AccentColor;
				CODE_SIGN_STYLE = Automatic;
				CURRENT_PROJECT_VERSION = 1;
				DEVELOPMENT_TEAM = S52ZRS44GD;
				GENERATE_INFOPLIST_FILE = YES;
				INFOPLIST_FILE = MovieApp/Info.plist;
				INFOPLIST_KEY_UIApplicationSupportsIndirectInputEvents = YES;
				INFOPLIST_KEY_UILaunchStoryboardName = LaunchScreen;
				INFOPLIST_KEY_UIMainStoryboardFile = Main;
				INFOPLIST_KEY_UISupportedInterfaceOrientations_iPad = "UIInterfaceOrientationPortrait UIInterfaceOrientationPortraitUpsideDown UIInterfaceOrientationLandscapeLeft UIInterfaceOrientationLandscapeRight";
				INFOPLIST_KEY_UISupportedInterfaceOrientations_iPhone = "UIInterfaceOrientationPortrait UIInterfaceOrientationLandscapeLeft UIInterfaceOrientationLandscapeRight";
				LD_RUNPATH_SEARCH_PATHS = (
					"$(inherited)",
					"@executable_path/Frameworks",
				);
				MARKETING_VERSION = 1.0;
				PRODUCT_BUNDLE_IDENTIFIER = com.detotounpoquito.MovieApp;
				PRODUCT_NAME = "$(TARGET_NAME)";
				SWIFT_EMIT_LOC_STRINGS = YES;
				SWIFT_VERSION = 5.0;
				TARGETED_DEVICE_FAMILY = "1,2";
			};
			name = Debug;
		};
		8D915E2B2797379E003EB945 /* Release */ = {
			isa = XCBuildConfiguration;
			buildSettings = {
				ASSETCATALOG_COMPILER_APPICON_NAME = AppIcon;
				ASSETCATALOG_COMPILER_GLOBAL_ACCENT_COLOR_NAME = AccentColor;
				CODE_SIGN_STYLE = Automatic;
				CURRENT_PROJECT_VERSION = 1;
				DEVELOPMENT_TEAM = S52ZRS44GD;
				GENERATE_INFOPLIST_FILE = YES;
				INFOPLIST_FILE = MovieApp/Info.plist;
				INFOPLIST_KEY_UIApplicationSupportsIndirectInputEvents = YES;
				INFOPLIST_KEY_UILaunchStoryboardName = LaunchScreen;
				INFOPLIST_KEY_UIMainStoryboardFile = Main;
				INFOPLIST_KEY_UISupportedInterfaceOrientations_iPad = "UIInterfaceOrientationPortrait UIInterfaceOrientationPortraitUpsideDown UIInterfaceOrientationLandscapeLeft UIInterfaceOrientationLandscapeRight";
				INFOPLIST_KEY_UISupportedInterfaceOrientations_iPhone = "UIInterfaceOrientationPortrait UIInterfaceOrientationLandscapeLeft UIInterfaceOrientationLandscapeRight";
				LD_RUNPATH_SEARCH_PATHS = (
					"$(inherited)",
					"@executable_path/Frameworks",
				);
				MARKETING_VERSION = 1.0;
				PRODUCT_BUNDLE_IDENTIFIER = com.detotounpoquito.MovieApp;
				PRODUCT_NAME = "$(TARGET_NAME)";
				SWIFT_EMIT_LOC_STRINGS = YES;
				SWIFT_VERSION = 5.0;
				TARGETED_DEVICE_FAMILY = "1,2";
			};
			name = Release;
		};
/* End XCBuildConfiguration section */

/* Begin XCConfigurationList section */
		8D0E5D5A283D879F00B320E1 /* Build configuration list for PBXNativeTarget "MovieAppTests" */ = {
			isa = XCConfigurationList;
			buildConfigurations = (
				8D0E5D58283D879F00B320E1 /* Debug */,
				8D0E5D59283D879F00B320E1 /* Release */,
			);
			defaultConfigurationIsVisible = 0;
			defaultConfigurationName = Release;
		};
		8D915E0D2797379A003EB945 /* Build configuration list for PBXProject "MovieApp" */ = {
			isa = XCConfigurationList;
			buildConfigurations = (
				8D915E272797379E003EB945 /* Debug */,
				8D915E282797379E003EB945 /* Release */,
			);
			defaultConfigurationIsVisible = 0;
			defaultConfigurationName = Release;
		};
		8D915E292797379E003EB945 /* Build configuration list for PBXNativeTarget "MovieApp" */ = {
			isa = XCConfigurationList;
			buildConfigurations = (
				8D915E2A2797379E003EB945 /* Debug */,
				8D915E2B2797379E003EB945 /* Release */,
			);
			defaultConfigurationIsVisible = 0;
			defaultConfigurationName = Release;
		};
/* End XCConfigurationList section */

/* Begin XCVersionGroup section */
		8D915E1E2797379A003EB945 /* MovieApp.xcdatamodeld */ = {
			isa = XCVersionGroup;
			children = (
				8D915E1F2797379A003EB945 /* MovieApp.xcdatamodel */,
			);
			currentVersion = 8D915E1F2797379A003EB945 /* MovieApp.xcdatamodel */;
			path = MovieApp.xcdatamodeld;
			sourceTree = "<group>";
			versionGroupType = wrapper.xcdatamodel;
		};
/* End XCVersionGroup section */
	};
	rootObject = 8D915E0A2797379A003EB945 /* Project object */;
}
